
Microsoft Visual Studio Solution File, Format Version 12.00
# Visual Studio Version 17
VisualStudioVersion = 17.7.34024.191
MinimumVisualStudioVersion = 10.0.40219.1
Project("{FAE04EC0-301F-11D3-BF4B-00C04F79EFBC}") = "AddressBook_Day5", "AddressBook_Day5.csproj", "{6AC9A0FD-C286-4E36-BAC1-6CD08326734F}"
EndProject
Global
	GlobalSection(SolutionConfigurationPlatforms) = preSolution
		Debug|Any CPU = Debug|Any CPU
		Release|Any CPU = Release|Any CPU
	EndGlobalSection
	GlobalSection(ProjectConfigurationPlatforms) = postSolution
		{6AC9A0FD-C286-4E36-BAC1-6CD08326734F}.Debug|Any CPU.ActiveCfg = Debug|Any CPU
		{6AC9A0FD-C286-4E36-BAC1-6CD08326734F}.Debug|Any CPU.Build.0 = Debug|Any CPU
		{6AC9A0FD-C286-4E36-BAC1-6CD08326734F}.Release|Any CPU.ActiveCfg = Release|Any CPU
		{6AC9A0FD-C286-4E36-BAC1-6CD08326734F}.Release|Any CPU.Build.0 = Release|Any CPU
	EndGlobalSection
	GlobalSection(SolutionProperties) = preSolution
		HideSolutionNode = FALSE
	EndGlobalSection
	GlobalSection(ExtensibilityGlobals) = postSolution
		SolutionGuid = {2FA1DD00-8FF6-4196-B315-C2573906FF18}
	EndGlobalSection
EndGlobal
